
Microsoft Visual Studio Solution File, Format Version 12.00
# Visual Studio Version 17
VisualStudioVersion = 17.1.32210.238
MinimumVisualStudioVersion = 10.0.40219.1
Project("{FAE04EC0-301F-11D3-BF4B-00C04F79EFBC}") = "Cafe.Tests", "Cafe.Tests\Cafe.Tests.csproj", "{E8E93927-EAA0-448C-88CC-20F8F8061072}"
EndProject
Project("{FAE04EC0-301F-11D3-BF4B-00C04F79EFBC}") = "Cafe.Repository", "Cafe.Repository\Cafe.Repository.csproj", "{F2E51435-B813-4E18-A558-1FF746B3ACB2}"
EndProject
Project("{2150E333-8FDC-42A3-9474-1A3956D46DE8}") = "Cafe", "Cafe", "{BC15D715-F0D6-4C9E-BA5D-0C321D6196B0}"
EndProject
Project("{FAE04EC0-301F-11D3-BF4B-00C04F79EFBC}") = "Cafe.Console", "Cafe.Program\Cafe.Console.csproj", "{7FE3C4E9-C538-4B8B-83BD-DD4DC54DFFDC}"
EndProject
Project("{2150E333-8FDC-42A3-9474-1A3956D46DE8}") = "Company_Outings", "Company_Outings", "{7D6B3C2F-F3DA-4C40-AAEE-88CC17D4B421}"
EndProject
Project("{FAE04EC0-301F-11D3-BF4B-00C04F79EFBC}") = "Company_Outings.Repository", "Company_Outings.Repository\Company_Outings.Repository.csproj", "{6646AD34-078B-4A36-B6F0-E2D222EEA50F}"
EndProject
Project("{FAE04EC0-301F-11D3-BF4B-00C04F79EFBC}") = "Company_Outings.Tests", "Company_Outings.Tests\Company_Outings.Tests.csproj", "{DB04F6D3-F031-4443-AE1C-98FA018FC685}"
EndProject
Project("{FAE04EC0-301F-11D3-BF4B-00C04F79EFBC}") = "Company_Outings.Program", "Company_Outings.Program\Company_Outings.Program.csproj", "{FE246C6D-EEBA-423C-A5F8-AAB350F42777}"
EndProject
Project("{2150E333-8FDC-42A3-9474-1A3956D46DE8}") = "Greeting", "Greeting", "{15311220-4822-4E6C-A4F1-58DCF1CC9D42}"
EndProject
Project("{FAE04EC0-301F-11D3-BF4B-00C04F79EFBC}") = "Greeting.Program", "Greeting.Program\Greeting.Program.csproj", "{9D8A38AD-AA6B-409F-B7B8-1BA086D7A58F}"
EndProject
Project("{FAE04EC0-301F-11D3-BF4B-00C04F79EFBC}") = "Greeting.Repository", "Greeting.Repository\Greeting.Repository.csproj", "{1ABAE812-4B8E-4E1C-9C60-0E9DBBE681C9}"
EndProject
Project("{FAE04EC0-301F-11D3-BF4B-00C04F79EFBC}") = "Greeting.Tests", "Greeting.Tests\Greeting.Tests.csproj", "{CFD4E055-9FB3-4E0A-AE99-39A2C1D26971}"
EndProject
Project("{2150E333-8FDC-42A3-9474-1A3956D46DE8}") = "Claims", "Claims", "{F5BF52F7-E24A-4245-94DF-A7566F48FA3D}"
EndProject
Project("{FAE04EC0-301F-11D3-BF4B-00C04F79EFBC}") = "Claims.Program", "Claims.Program\Claims.Program.csproj", "{DFF5513F-8020-49E3-B85E-0E6C07D5C672}"
EndProject
Project("{FAE04EC0-301F-11D3-BF4B-00C04F79EFBC}") = "Claims.Repository", "Claims.Repository\Claims.Repository.csproj", "{434AEEA8-5C36-4B81-945D-E0065D2E896B}"
EndProject
Project("{FAE04EC0-301F-11D3-BF4B-00C04F79EFBC}") = "Claims.Tests", "Claims.Tests\Claims.Tests.csproj", "{D0D697E9-9A79-46F0-8D56-42240C8FCC3F}"
EndProject
Global
	GlobalSection(SolutionConfigurationPlatforms) = preSolution
		Debug|Any CPU = Debug|Any CPU
		Release|Any CPU = Release|Any CPU
	EndGlobalSection
	GlobalSection(ProjectConfigurationPlatforms) = postSolution
		{E8E93927-EAA0-448C-88CC-20F8F8061072}.Debug|Any CPU.ActiveCfg = Debug|Any CPU
		{E8E93927-EAA0-448C-88CC-20F8F8061072}.Debug|Any CPU.Build.0 = Debug|Any CPU
		{E8E93927-EAA0-448C-88CC-20F8F8061072}.Release|Any CPU.ActiveCfg = Release|Any CPU
		{E8E93927-EAA0-448C-88CC-20F8F8061072}.Release|Any CPU.Build.0 = Release|Any CPU
		{F2E51435-B813-4E18-A558-1FF746B3ACB2}.Debug|Any CPU.ActiveCfg = Debug|Any CPU
		{F2E51435-B813-4E18-A558-1FF746B3ACB2}.Debug|Any CPU.Build.0 = Debug|Any CPU
		{F2E51435-B813-4E18-A558-1FF746B3ACB2}.Release|Any CPU.ActiveCfg = Release|Any CPU
		{F2E51435-B813-4E18-A558-1FF746B3ACB2}.Release|Any CPU.Build.0 = Release|Any CPU
		{7FE3C4E9-C538-4B8B-83BD-DD4DC54DFFDC}.Debug|Any CPU.ActiveCfg = Debug|Any CPU
		{7FE3C4E9-C538-4B8B-83BD-DD4DC54DFFDC}.Debug|Any CPU.Build.0 = Debug|Any CPU
		{7FE3C4E9-C538-4B8B-83BD-DD4DC54DFFDC}.Release|Any CPU.ActiveCfg = Release|Any CPU
		{7FE3C4E9-C538-4B8B-83BD-DD4DC54DFFDC}.Release|Any CPU.Build.0 = Release|Any CPU
		{6646AD34-078B-4A36-B6F0-E2D222EEA50F}.Debug|Any CPU.ActiveCfg = Debug|Any CPU
		{6646AD34-078B-4A36-B6F0-E2D222EEA50F}.Debug|Any CPU.Build.0 = Debug|Any CPU
		{6646AD34-078B-4A36-B6F0-E2D222EEA50F}.Release|Any CPU.ActiveCfg = Release|Any CPU
		{6646AD34-078B-4A36-B6F0-E2D222EEA50F}.Release|Any CPU.Build.0 = Release|Any CPU
		{DB04F6D3-F031-4443-AE1C-98FA018FC685}.Debug|Any CPU.ActiveCfg = Debug|Any CPU
		{DB04F6D3-F031-4443-AE1C-98FA018FC685}.Debug|Any CPU.Build.0 = Debug|Any CPU
		{DB04F6D3-F031-4443-AE1C-98FA018FC685}.Release|Any CPU.ActiveCfg = Release|Any CPU
		{DB04F6D3-F031-4443-AE1C-98FA018FC685}.Release|Any CPU.Build.0 = Release|Any CPU
		{FE246C6D-EEBA-423C-A5F8-AAB350F42777}.Debug|Any CPU.ActiveCfg = Debug|Any CPU
		{FE246C6D-EEBA-423C-A5F8-AAB350F42777}.Debug|Any CPU.Build.0 = Debug|Any CPU
		{FE246C6D-EEBA-423C-A5F8-AAB350F42777}.Release|Any CPU.ActiveCfg = Release|Any CPU
		{FE246C6D-EEBA-423C-A5F8-AAB350F42777}.Release|Any CPU.Build.0 = Release|Any CPU
		{9D8A38AD-AA6B-409F-B7B8-1BA086D7A58F}.Debug|Any CPU.ActiveCfg = Debug|Any CPU
		{9D8A38AD-AA6B-409F-B7B8-1BA086D7A58F}.Debug|Any CPU.Build.0 = Debug|Any CPU
		{9D8A38AD-AA6B-409F-B7B8-1BA086D7A58F}.Release|Any CPU.ActiveCfg = Release|Any CPU
		{9D8A38AD-AA6B-409F-B7B8-1BA086D7A58F}.Release|Any CPU.Build.0 = Release|Any CPU
		{1ABAE812-4B8E-4E1C-9C60-0E9DBBE681C9}.Debug|Any CPU.ActiveCfg = Debug|Any CPU
		{1ABAE812-4B8E-4E1C-9C60-0E9DBBE681C9}.Debug|Any CPU.Build.0 = Debug|Any CPU
		{1ABAE812-4B8E-4E1C-9C60-0E9DBBE681C9}.Release|Any CPU.ActiveCfg = Release|Any CPU
		{1ABAE812-4B8E-4E1C-9C60-0E9DBBE681C9}.Release|Any CPU.Build.0 = Release|Any CPU
		{CFD4E055-9FB3-4E0A-AE99-39A2C1D26971}.Debug|Any CPU.ActiveCfg = Debug|Any CPU
		{CFD4E055-9FB3-4E0A-AE99-39A2C1D26971}.Debug|Any CPU.Build.0 = Debug|Any CPU
		{CFD4E055-9FB3-4E0A-AE99-39A2C1D26971}.Release|Any CPU.ActiveCfg = Release|Any CPU
		{CFD4E055-9FB3-4E0A-AE99-39A2C1D26971}.Release|Any CPU.Build.0 = Release|Any CPU
		{DFF5513F-8020-49E3-B85E-0E6C07D5C672}.Debug|Any CPU.ActiveCfg = Debug|Any CPU
		{DFF5513F-8020-49E3-B85E-0E6C07D5C672}.Debug|Any CPU.Build.0 = Debug|Any CPU
		{DFF5513F-8020-49E3-B85E-0E6C07D5C672}.Release|Any CPU.ActiveCfg = Release|Any CPU
		{DFF5513F-8020-49E3-B85E-0E6C07D5C672}.Release|Any CPU.Build.0 = Release|Any CPU
		{434AEEA8-5C36-4B81-945D-E0065D2E896B}.Debug|Any CPU.ActiveCfg = Debug|Any CPU
		{434AEEA8-5C36-4B81-945D-E0065D2E896B}.Debug|Any CPU.Build.0 = Debug|Any CPU
		{434AEEA8-5C36-4B81-945D-E0065D2E896B}.Release|Any CPU.ActiveCfg = Release|Any CPU
		{434AEEA8-5C36-4B81-945D-E0065D2E896B}.Release|Any CPU.Build.0 = Release|Any CPU
		{D0D697E9-9A79-46F0-8D56-42240C8FCC3F}.Debug|Any CPU.ActiveCfg = Debug|Any CPU
		{D0D697E9-9A79-46F0-8D56-42240C8FCC3F}.Debug|Any CPU.Build.0 = Debug|Any CPU
		{D0D697E9-9A79-46F0-8D56-42240C8FCC3F}.Release|Any CPU.ActiveCfg = Release|Any CPU
		{D0D697E9-9A79-46F0-8D56-42240C8FCC3F}.Release|Any CPU.Build.0 = Release|Any CPU
	EndGlobalSection
	GlobalSection(SolutionProperties) = preSolution
		HideSolutionNode = FALSE
	EndGlobalSection
	GlobalSection(NestedProjects) = preSolution
		{E8E93927-EAA0-448C-88CC-20F8F8061072} = {BC15D715-F0D6-4C9E-BA5D-0C321D6196B0}
		{F2E51435-B813-4E18-A558-1FF746B3ACB2} = {BC15D715-F0D6-4C9E-BA5D-0C321D6196B0}
		{7FE3C4E9-C538-4B8B-83BD-DD4DC54DFFDC} = {BC15D715-F0D6-4C9E-BA5D-0C321D6196B0}
		{6646AD34-078B-4A36-B6F0-E2D222EEA50F} = {7D6B3C2F-F3DA-4C40-AAEE-88CC17D4B421}
		{DB04F6D3-F031-4443-AE1C-98FA018FC685} = {7D6B3C2F-F3DA-4C40-AAEE-88CC17D4B421}
		{FE246C6D-EEBA-423C-A5F8-AAB350F42777} = {7D6B3C2F-F3DA-4C40-AAEE-88CC17D4B421}
		{9D8A38AD-AA6B-409F-B7B8-1BA086D7A58F} = {15311220-4822-4E6C-A4F1-58DCF1CC9D42}
		{1ABAE812-4B8E-4E1C-9C60-0E9DBBE681C9} = {15311220-4822-4E6C-A4F1-58DCF1CC9D42}
		{CFD4E055-9FB3-4E0A-AE99-39A2C1D26971} = {15311220-4822-4E6C-A4F1-58DCF1CC9D42}
		{DFF5513F-8020-49E3-B85E-0E6C07D5C672} = {F5BF52F7-E24A-4245-94DF-A7566F48FA3D}
		{434AEEA8-5C36-4B81-945D-E0065D2E896B} = {F5BF52F7-E24A-4245-94DF-A7566F48FA3D}
		{D0D697E9-9A79-46F0-8D56-42240C8FCC3F} = {F5BF52F7-E24A-4245-94DF-A7566F48FA3D}
	EndGlobalSection
	GlobalSection(ExtensibilityGlobals) = postSolution
		SolutionGuid = {EEBD8A55-F258-4AA9-AA97-EF583BE78D33}
	EndGlobalSection
EndGlobal
